
Microsoft Visual Studio Solution File, Format Version 12.00
# Visual Studio Version 17
VisualStudioVersion = 17.12.35707.178 d17.12
MinimumVisualStudioVersion = 10.0.40219.1
Project("{FAE04EC0-301F-11D3-BF4B-00C04F79EFBC}") = "ShapeToGeoJson.Console", "ShapeToGeoJson.Console\ShapeToGeoJson.Console.csproj", "{BD0680D0-FDED-4E2A-8CAF-744583C7CBBB}"
EndProject
Project("{FAE04EC0-301F-11D3-BF4B-00C04F79EFBC}") = "ShapeToGeoJson.Core", "ShapeToGeoJson.Core\ShapeToGeoJson.Core.csproj", "{908FC7AC-23F4-4756-83F5-1366424629F7}"
EndProject
Global
	GlobalSection(SolutionConfigurationPlatforms) = preSolution
		Debug|Any CPU = Debug|Any CPU
		Release|Any CPU = Release|Any CPU
	EndGlobalSection
	GlobalSection(ProjectConfigurationPlatforms) = postSolution
		{BD0680D0-FDED-4E2A-8CAF-744583C7CBBB}.Debug|Any CPU.ActiveCfg = Debug|Any CPU
		{BD0680D0-FDED-4E2A-8CAF-744583C7CBBB}.Debug|Any CPU.Build.0 = Debug|Any CPU
		{BD0680D0-FDED-4E2A-8CAF-744583C7CBBB}.Release|Any CPU.ActiveCfg = Release|Any CPU
		{BD0680D0-FDED-4E2A-8CAF-744583C7CBBB}.Release|Any CPU.Build.0 = Release|Any CPU
		{908FC7AC-23F4-4756-83F5-1366424629F7}.Debug|Any CPU.ActiveCfg = Debug|Any CPU
		{908FC7AC-23F4-4756-83F5-1366424629F7}.Debug|Any CPU.Build.0 = Debug|Any CPU
		{908FC7AC-23F4-4756-83F5-1366424629F7}.Release|Any CPU.ActiveCfg = Release|Any CPU
		{908FC7AC-23F4-4756-83F5-1366424629F7}.Release|Any CPU.Build.0 = Release|Any CPU
	EndGlobalSection
	GlobalSection(SolutionProperties) = preSolution
		HideSolutionNode = FALSE
	EndGlobalSection
EndGlobal
